%{
  "castore": {:hex, :castore, "0.1.12", "b5755d7668668a74c0e3c4c68df91da927e063a5cade17d693eff04e6ab64805", [:mix], [], "hexpm", "981c79528f88ec4ffd627214ad4cdd25052dc56c002996c603011ae37ec1b4b0"},
  "mint": {:hex, :mint, "1.4.0", "cd7d2451b201fc8e4a8fd86257fb3878d9e3752899eb67b0c5b25b180bde1212", [:mix], [{:castore, "~> 0.1.0", [hex: :castore, repo: "hexpm", optional: true]}], "hexpm", "10a99e144b815cbf8522dccbc8199d15802440fc7a64d67b6853adb6fa170217"},
}
